// !$*UTF8*$!
{
	archiveVersion = 1;
	classes = {
	};
	objectVersion = 52;
	objects = {

/* Begin PBXBuildFile section */
		CD21D57723F4C96300909C73 /* LibraryB in Frameworks */ = {isa = PBXBuildFile; productRef = CD21D57623F4C96300909C73 /* LibraryB */; };
		CD92D9CB23F4C57E00AFA0BB /* LibraryA in Frameworks */ = {isa = PBXBuildFile; productRef = CD92D9CA23F4C57E00AFA0BB /* LibraryA */; };
		CDBBDD2B23F35EE300AFA5F0 /* AppDelegate.swift in Sources */ = {isa = PBXBuildFile; fileRef = CDBBDD2A23F35EE300AFA5F0 /* AppDelegate.swift */; };
		CDBBDD2D23F35EE300AFA5F0 /* SceneDelegate.swift in Sources */ = {isa = PBXBuildFile; fileRef = CDBBDD2C23F35EE300AFA5F0 /* SceneDelegate.swift */; };
		CDBBDD2F23F35EE300AFA5F0 /* ViewController.swift in Sources */ = {isa = PBXBuildFile; fileRef = CDBBDD2E23F35EE300AFA5F0 /* ViewController.swift */; };
		CDBBDD3223F35EE300AFA5F0 /* Main.storyboard in Resources */ = {isa = PBXBuildFile; fileRef = CDBBDD3023F35EE300AFA5F0 /* Main.storyboard */; };
		CDBBDD3423F35EE500AFA5F0 /* Assets.xcassets in Resources */ = {isa = PBXBuildFile; fileRef = CDBBDD3323F35EE500AFA5F0 /* Assets.xcassets */; };
		CDBBDD3723F35EE500AFA5F0 /* LaunchScreen.storyboard in Resources */ = {isa = PBXBuildFile; fileRef = CDBBDD3523F35EE500AFA5F0 /* LaunchScreen.storyboard */; };
/* End PBXBuildFile section */

/* Begin PBXFileReference section */
		CDBBDD2723F35EE300AFA5F0 /* MainProject.app */ = {isa = PBXFileReference; explicitFileType = wrapper.application; includeInIndex = 0; path = MainProject.app; sourceTree = BUILT_PRODUCTS_DIR; };
		CDBBDD2A23F35EE300AFA5F0 /* AppDelegate.swift */ = {isa = PBXFileReference; lastKnownFileType = sourcecode.swift; path = AppDelegate.swift; sourceTree = "<group>"; };
		CDBBDD2C23F35EE300AFA5F0 /* SceneDelegate.swift */ = {isa = PBXFileReference; lastKnownFileType = sourcecode.swift; path = SceneDelegate.swift; sourceTree = "<group>"; };
		CDBBDD2E23F35EE300AFA5F0 /* ViewController.swift */ = {isa = PBXFileReference; lastKnownFileType = sourcecode.swift; path = ViewController.swift; sourceTree = "<group>"; };
		CDBBDD3123F35EE300AFA5F0 /* Base */ = {isa = PBXFileReference; lastKnownFileType = file.storyboard; name = Base; path = Base.lproj/Main.storyboard; sourceTree = "<group>"; };
		CDBBDD3323F35EE500AFA5F0 /* Assets.xcassets */ = {isa = PBXFileReference; lastKnownFileType = folder.assetcatalog; path = Assets.xcassets; sourceTree = "<group>"; };
		CDBBDD3623F35EE500AFA5F0 /* Base */ = {isa = PBXFileReference; lastKnownFileType = file.storyboard; name = Base; path = Base.lproj/LaunchScreen.storyboard; sourceTree = "<group>"; };
		CDBBDD3823F35EE500AFA5F0 /* Info.plist */ = {isa = PBXFileReference; lastKnownFileType = text.plist.xml; path = Info.plist; sourceTree = "<group>"; };
/* End PBXFileReference section */

/* Begin PBXFrameworksBuildPhase section */
		CDBBDD2423F35EE300AFA5F0 /* Frameworks */ = {
			isa = PBXFrameworksBuildPhase;
			buildActionMask = 2147483647;
			files = (
				CD92D9CB23F4C57E00AFA0BB /* LibraryA in Frameworks */,
				CD21D57723F4C96300909C73 /* LibraryB in Frameworks */,
			);
			runOnlyForDeploymentPostprocessing = 0;
		};
/* End PBXFrameworksBuildPhase section */

/* Begin PBXGroup section */
		CDBBDD1E23F35EE300AFA5F0 = {
			isa = PBXGroup;
			children = (
				CDBBDD2923F35EE300AFA5F0 /* MainProject */,
				CDBBDD2823F35EE300AFA5F0 /* Products */,
				CDBBDD4A23F366DF00AFA5F0 /* Frameworks */,
			);
			sourceTree = "<group>";
		};
		CDBBDD2823F35EE300AFA5F0 /* Products */ = {
			isa = PBXGroup;
			children = (
				CDBBDD2723F35EE300AFA5F0 /* MainProject.app */,
			);
			name = Products;
			sourceTree = "<group>";
		};
		CDBBDD2923F35EE300AFA5F0 /* MainProject */ = {
			isa = PBXGroup;
			children = (
				CDBBDD2A23F35EE300AFA5F0 /* AppDelegate.swift */,
				CDBBDD2C23F35EE300AFA5F0 /* SceneDelegate.swift */,
				CDBBDD2E23F35EE300AFA5F0 /* ViewController.swift */,
				CDBBDD3023F35EE300AFA5F0 /* Main.storyboard */,
				CDBBDD3323F35EE500AFA5F0 /* Assets.xcassets */,
				CDBBDD3523F35EE500AFA5F0 /* LaunchScreen.storyboard */,
				CDBBDD3823F35EE500AFA5F0 /* Info.plist */,
			);
			path = MainProject;
			sourceTree = "<group>";
		};
		CDBBDD4A23F366DF00AFA5F0 /* Frameworks */ = {
			isa = PBXGroup;
			children = (
			);
			name = Frameworks;
			sourceTree = "<group>";
		};
/* End PBXGroup section */

/* Begin PBXNativeTarget section */
		CDBBDD2623F35EE300AFA5F0 /* MainProject */ = {
			isa = PBXNativeTarget;
			buildConfigurationList = CDBBDD3B23F35EE500AFA5F0 /* Build configuration list for PBXNativeTarget "MainProject" */;
			buildPhases = (
				CDBBDD2323F35EE300AFA5F0 /* Sources */,
				CDBBDD2423F35EE300AFA5F0 /* Frameworks */,
				CDBBDD2523F35EE300AFA5F0 /* Resources */,
			);
			buildRules = (
			);
			dependencies = (
				CDBBDD5223F3674B00AFA5F0 /* PBXTargetDependency */,
			);
			name = MainProject;
			packageProductDependencies = (
				CD92D9CA23F4C57E00AFA0BB /* LibraryA */,
				CD21D57623F4C96300909C73 /* LibraryB */,
			);
			productName = MainProject;
			productReference = CDBBDD2723F35EE300AFA5F0 /* MainProject.app */;
			productType = "com.apple.product-type.application";
		};
/* End PBXNativeTarget section */

/* Begin PBXProject section */
		CDBBDD1F23F35EE300AFA5F0 /* Project object */ = {
			isa = PBXProject;
			attributes = {
				LastSwiftUpdateCheck = 1120;
				LastUpgradeCheck = 1120;
				ORGANIZATIONNAME = "Lumos Labs";
				TargetAttributes = {
					CDBBDD2623F35EE300AFA5F0 = {
						CreatedOnToolsVersion = 11.2.1;
					};
				};
			};
			buildConfigurationList = CDBBDD2223F35EE300AFA5F0 /* Build configuration list for PBXProject "MainProject" */;
			compatibilityVersion = "Xcode 9.3";
			developmentRegion = en;
			hasScannedForEncodings = 0;
			knownRegions = (
				en,
				Base,
			);
			mainGroup = CDBBDD1E23F35EE300AFA5F0;
			packageReferences = (
				CD92D9C923F4C57E00AFA0BB /* XCRemoteSwiftPackageReference "SwiftPackageLibraryA" */,
				CD21D57523F4C96300909C73 /* XCRemoteSwiftPackageReference "SwiftPackageLibraryB" */,
			);
			productRefGroup = CDBBDD2823F35EE300AFA5F0 /* Products */;
			projectDirPath = "";
			projectRoot = "";
			targets = (
				CDBBDD2623F35EE300AFA5F0 /* MainProject */,
			);
		};
/* End PBXProject section */

/* Begin PBXResourcesBuildPhase section */
		CDBBDD2523F35EE300AFA5F0 /* Resources */ = {
			isa = PBXResourcesBuildPhase;
			buildActionMask = 2147483647;
			files = (
				CDBBDD3723F35EE500AFA5F0 /* LaunchScreen.storyboard in Resources */,
				CDBBDD3423F35EE500AFA5F0 /* Assets.xcassets in Resources */,
				CDBBDD3223F35EE300AFA5F0 /* Main.storyboard in Resources */,
			);
			runOnlyForDeploymentPostprocessing = 0;
		};
/* End PBXResourcesBuildPhase section */

/* Begin PBXSourcesBuildPhase section */
		CDBBDD2323F35EE300AFA5F0 /* Sources */ = {
			isa = PBXSourcesBuildPhase;
			buildActionMask = 2147483647;
			files = (
				CDBBDD2F23F35EE300AFA5F0 /* ViewController.swift in Sources */,
				CDBBDD2B23F35EE300AFA5F0 /* AppDelegate.swift in Sources */,
				CDBBDD2D23F35EE300AFA5F0 /* SceneDelegate.swift in Sources */,
			);
			runOnlyForDeploymentPostprocessing = 0;
		};
/* End PBXSourcesBuildPhase section */

/* Begin PBXTargetDependency section */
		CDBBDD5223F3674B00AFA5F0 /* PBXTargetDependency */ = {
			isa = PBXTargetDependency;
			productRef = CDBBDD5123F3674B00AFA5F0 /* LibraryB */;
		};
/* End PBXTargetDependency section */

/* Begin PBXVariantGroup section */
		CDBBDD3023F35EE300AFA5F0 /* Main.storyboard */ = {
			isa = PBXVariantGroup;
			children = (
				CDBBDD3123F35EE300AFA5F0 /* Base */,
			);
			name = Main.storyboard;
			sourceTree = "<group>";
		};
		CDBBDD3523F35EE500AFA5F0 /* LaunchScreen.storyboard */ = {
			isa = PBXVariantGroup;
			children = (
				CDBBDD3623F35EE500AFA5F0 /* Base */,
			);
			name = LaunchScreen.storyboard;
			sourceTree = "<group>";
		};
/* End PBXVariantGroup section */

/* Begin XCBuildConfiguration section */
		CDBBDD3923F35EE500AFA5F0 /* Debug */ = {
			isa = XCBuildConfiguration;
			buildSettings = {
				ALWAYS_SEARCH_USER_PATHS = NO;
				CLANG_ANALYZER_NONNULL = YES;
				CLANG_ANALYZER_NUMBER_OBJECT_CONVERSION = YES_AGGRESSIVE;
				CLANG_CXX_LANGUAGE_STANDARD = "gnu++14";
				CLANG_CXX_LIBRARY = "libc++";
				CLANG_ENABLE_MODULES = YES;
				CLANG_ENABLE_OBJC_ARC = YES;
				CLANG_ENABLE_OBJC_WEAK = YES;
				CLANG_WARN_BLOCK_CAPTURE_AUTORELEASING = YES;
				CLANG_WARN_BOOL_CONVERSION = YES;
				CLANG_WARN_COMMA = YES;
				CLANG_WARN_CONSTANT_CONVERSION = YES;
				CLANG_WARN_DEPRECATED_OBJC_IMPLEMENTATIONS = YES;
				CLANG_WARN_DIRECT_OBJC_ISA_USAGE = YES_ERROR;
				CLANG_WARN_DOCUMENTATION_COMMENTS = YES;
				CLANG_WARN_EMPTY_BODY = YES;
				CLANG_WARN_ENUM_CONVERSION = YES;
				CLANG_WARN_INFINITE_RECURSION = YES;
				CLANG_WARN_INT_CONVERSION = YES;
				CLANG_WARN_NON_LITERAL_NULL_CONVERSION = YES;
				CLANG_WARN_OBJC_IMPLICIT_RETAIN_SELF = YES;
				CLANG_WARN_OBJC_LITERAL_CONVERSION = YES;
				CLANG_WARN_OBJC_ROOT_CLASS = YES_ERROR;
				CLANG_WARN_RANGE_LOOP_ANALYSIS = YES;
				CLANG_WARN_STRICT_PROTOTYPES = YES;
				CLANG_WARN_SUSPICIOUS_MOVE = YES;
				CLANG_WARN_UNGUARDED_AVAILABILITY = YES_AGGRESSIVE;
				CLANG_WARN_UNREACHABLE_CODE = YES;
				CLANG_WARN__DUPLICATE_METHOD_MATCH = YES;
				COPY_PHASE_STRIP = NO;
				DEBUG_INFORMATION_FORMAT = dwarf;
				ENABLE_STRICT_OBJC_MSGSEND = YES;
				ENABLE_TESTABILITY = YES;
				GCC_C_LANGUAGE_STANDARD = gnu11;
				GCC_DYNAMIC_NO_PIC = NO;
				GCC_NO_COMMON_BLOCKS = YES;
				GCC_OPTIMIZATION_LEVEL = 0;
				GCC_PREPROCESSOR_DEFINITIONS = (
					"DEBUG=1",
					"$(inherited)",
				);
				GCC_WARN_64_TO_32_BIT_CONVERSION = YES;
				GCC_WARN_ABOUT_RETURN_TYPE = YES_ERROR;
				GCC_WARN_UNDECLARED_SELECTOR = YES;
				GCC_WARN_UNINITIALIZED_AUTOS = YES_AGGRESSIVE;
				GCC_WARN_UNUSED_FUNCTION = YES;
				GCC_WARN_UNUSED_VARIABLE = YES;
				IPHONEOS_DEPLOYMENT_TARGET = 13.2;
				MTL_ENABLE_DEBUG_INFO = INCLUDE_SOURCE;
				MTL_FAST_MATH = YES;
				ONLY_ACTIVE_ARCH = YES;
				SDKROOT = iphoneos;
				SWIFT_ACTIVE_COMPILATION_CONDITIONS = DEBUG;
				SWIFT_OPTIMIZATION_LEVEL = "-Onone";
			};
			name = Debug;
		};
		CDBBDD3A23F35EE500AFA5F0 /* Release */ = {
			isa = XCBuildConfiguration;
			buildSettings = {
				ALWAYS_SEARCH_USER_PATHS = NO;
				CLANG_ANALYZER_NONNULL = YES;
				CLANG_ANALYZER_NUMBER_OBJECT_CONVERSION = YES_AGGRESSIVE;
				CLANG_CXX_LANGUAGE_STANDARD = "gnu++14";
				CLANG_CXX_LIBRARY = "libc++";
				CLANG_ENABLE_MODULES = YES;
				CLANG_ENABLE_OBJC_ARC = YES;
				CLANG_ENABLE_OBJC_WEAK = YES;
				CLANG_WARN_BLOCK_CAPTURE_AUTORELEASING = YES;
				CLANG_WARN_BOOL_CONVERSION = YES;
				CLANG_WARN_COMMA = YES;
				CLANG_WARN_CONSTANT_CONVERSION = YES;
				CLANG_WARN_DEPRECATED_OBJC_IMPLEMENTATIONS = YES;
				CLANG_WARN_DIRECT_OBJC_ISA_USAGE = YES_ERROR;
				CLANG_WARN_DOCUMENTATION_COMMENTS = YES;
				CLANG_WARN_EMPTY_BODY = YES;
				CLANG_WARN_ENUM_CONVERSION = YES;
				CLANG_WARN_INFINITE_RECURSION = YES;
				CLANG_WARN_INT_CONVERSION = YES;
				CLANG_WARN_NON_LITERAL_NULL_CONVERSION = YES;
				CLANG_WARN_OBJC_IMPLICIT_RETAIN_SELF = YES;
				CLANG_WARN_OBJC_LITERAL_CONVERSION = YES;
				CLANG_WARN_OBJC_ROOT_CLASS = YES_ERROR;
				CLANG_WARN_RANGE_LOOP_ANALYSIS = YES;
				CLANG_WARN_STRICT_PROTOTYPES = YES;
				CLANG_WARN_SUSPICIOUS_MOVE = YES;
				CLANG_WARN_UNGUARDED_AVAILABILITY = YES_AGGRESSIVE;
				CLANG_WARN_UNREACHABLE_CODE = YES;
				CLANG_WARN__DUPLICATE_METHOD_MATCH = YES;
				COPY_PHASE_STRIP = NO;
				DEBUG_INFORMATION_FORMAT = "dwarf-with-dsym";
				ENABLE_NS_ASSERTIONS = NO;
				ENABLE_STRICT_OBJC_MSGSEND = YES;
				GCC_C_LANGUAGE_STANDARD = gnu11;
				GCC_NO_COMMON_BLOCKS = YES;
				GCC_WARN_64_TO_32_BIT_CONVERSION = YES;
				GCC_WARN_ABOUT_RETURN_TYPE = YES_ERROR;
				GCC_WARN_UNDECLARED_SELECTOR = YES;
				GCC_WARN_UNINITIALIZED_AUTOS = YES_AGGRESSIVE;
				GCC_WARN_UNUSED_FUNCTION = YES;
				GCC_WARN_UNUSED_VARIABLE = YES;
				IPHONEOS_DEPLOYMENT_TARGET = 13.2;
				MTL_ENABLE_DEBUG_INFO = NO;
				MTL_FAST_MATH = YES;
				SDKROOT = iphoneos;
				SWIFT_COMPILATION_MODE = wholemodule;
				SWIFT_OPTIMIZATION_LEVEL = "-O";
				VALIDATE_PRODUCT = YES;
			};
			name = Release;
		};
		CDBBDD3C23F35EE500AFA5F0 /* Debug */ = {
			isa = XCBuildConfiguration;
			buildSettings = {
				ASSETCATALOG_COMPILER_APPICON_NAME = AppIcon;
				CODE_SIGN_STYLE = Automatic;
				DEVELOPMENT_TEAM = 86E224QQ36;
				INFOPLIST_FILE = MainProject/Info.plist;
				LD_RUNPATH_SEARCH_PATHS = (
					"$(inherited)",
					"@executable_path/Frameworks",
				);
				PRODUCT_BUNDLE_IDENTIFIER = com.lumoslabs.MainProject;
				PRODUCT_NAME = "$(TARGET_NAME)";
				SWIFT_VERSION = 5.0;
				TARGETED_DEVICE_FAMILY = "1,2";
			};
			name = Debug;
		};
		CDBBDD3D23F35EE500AFA5F0 /* Release */ = {
			isa = XCBuildConfiguration;
			buildSettings = {
				ASSETCATALOG_COMPILER_APPICON_NAME = AppIcon;
				CODE_SIGN_STYLE = Automatic;
				DEVELOPMENT_TEAM = 86E224QQ36;
				INFOPLIST_FILE = MainProject/Info.plist;
				LD_RUNPATH_SEARCH_PATHS = (
					"$(inherited)",
					"@executable_path/Frameworks",
				);
				PRODUCT_BUNDLE_IDENTIFIER = com.lumoslabs.MainProject;
				PRODUCT_NAME = "$(TARGET_NAME)";
				SWIFT_VERSION = 5.0;
				TARGETED_DEVICE_FAMILY = "1,2";
			};
			name = Release;
		};
/* End XCBuildConfiguration section */

/* Begin XCConfigurationList section */
		CDBBDD2223F35EE300AFA5F0 /* Build configuration list for PBXProject "MainProject" */ = {
			isa = XCConfigurationList;
			buildConfigurations = (
				CDBBDD3923F35EE500AFA5F0 /* Debug */,
				CDBBDD3A23F35EE500AFA5F0 /* Release */,
			);
			defaultConfigurationIsVisible = 0;
			defaultConfigurationName = Release;
		};
		CDBBDD3B23F35EE500AFA5F0 /* Build configuration list for PBXNativeTarget "MainProject" */ = {
			isa = XCConfigurationList;
			buildConfigurations = (
				CDBBDD3C23F35EE500AFA5F0 /* Debug */,
				CDBBDD3D23F35EE500AFA5F0 /* Release */,
			);
			defaultConfigurationIsVisible = 0;
			defaultConfigurationName = Release;
		};
/* End XCConfigurationList section */

/* Begin XCRemoteSwiftPackageReference section */
		CD21D57523F4C96300909C73 /* XCRemoteSwiftPackageReference "SwiftPackageLibraryB" */ = {
			isa = XCRemoteSwiftPackageReference;
			repositoryURL = "https://github.com/alizreszlerlumo/SwiftPackageLibraryB.git";
			requirement = {
				branch = aliz/dev;
				kind = branch;
			};
		};
		CD92D9C923F4C57E00AFA0BB /* XCRemoteSwiftPackageReference "SwiftPackageLibraryA" */ = {
			isa = XCRemoteSwiftPackageReference;
			repositoryURL = "https://github.com/alizreszlerlumo/SwiftPackageLibraryA.git";
			requirement = {
				kind = upToNextMajorVersion;
				minimumVersion = 1.0.0;
			};
		};
/* End XCRemoteSwiftPackageReference section */

/* Begin XCSwiftPackageProductDependency section */
		CD21D57623F4C96300909C73 /* LibraryB */ = {
			isa = XCSwiftPackageProductDependency;
			package = CD21D57523F4C96300909C73 /* XCRemoteSwiftPackageReference "SwiftPackageLibraryB" */;
			productName = LibraryB;
		};
		CD92D9CA23F4C57E00AFA0BB /* LibraryA */ = {
			isa = XCSwiftPackageProductDependency;
			package = CD92D9C923F4C57E00AFA0BB /* XCRemoteSwiftPackageReference "SwiftPackageLibraryA" */;
			productName = LibraryA;
		};
		CDBBDD5123F3674B00AFA5F0 /* LibraryB */ = {
			isa = XCSwiftPackageProductDependency;
			productName = LibraryB;
		};
/* End XCSwiftPackageProductDependency section */
	};
	rootObject = CDBBDD1F23F35EE300AFA5F0 /* Project object */;
}
