{
  "object": {
    "pins": [
      {
        "package": "LibraryA",
        "repositoryURL": "https://github.com/alizreszlerlumo/SwiftPackageLibraryA.git",
        "state": {
          "branch": null,
          "revision": "bba4fecfd91b74b5bb5d40fd6a784c391845f81f",
          "version": "1.0.0"
        }
      },
      {
        "package": "LibraryB",
        "repositoryURL": "https://github.com/alizreszlerlumo/SwiftPackageLibraryB.git",
        "state": {
          "branch": null,
          "revision": "6be39de11e9bafcfbc246f68ee247616979d4358",
          "version": "1.0.0"
        }
      }
    ]
  },
  "version": 1
}
